
Microsoft Visual Studio Solution File, Format Version 12.00
# Visual Studio Version 16
VisualStudioVersion = 16.0.30204.135
MinimumVisualStudioVersion = 10.0.40219.1
Project("{FAE04EC0-301F-11D3-BF4B-00C04F79EFBC}") = "WebAppData", "WebAppData\WebAppData.csproj", "{4B9384A7-4011-4986-80E9-B3693B8C350E}"
EndProject
Global
	GlobalSection(SolutionConfigurationPlatforms) = preSolution
		Debug|Any CPU = Debug|Any CPU
		Release|Any CPU = Release|Any CPU
	EndGlobalSection
	GlobalSection(ProjectConfigurationPlatforms) = postSolution
		{4B9384A7-4011-4986-80E9-B3693B8C350E}.Debug|Any CPU.ActiveCfg = Debug|Any CPU
		{4B9384A7-4011-4986-80E9-B3693B8C350E}.Debug|Any CPU.Build.0 = Debug|Any CPU
		{4B9384A7-4011-4986-80E9-B3693B8C350E}.Release|Any CPU.ActiveCfg = Release|Any CPU
		{4B9384A7-4011-4986-80E9-B3693B8C350E}.Release|Any CPU.Build.0 = Release|Any CPU
	EndGlobalSection
	GlobalSection(SolutionProperties) = preSolution
		HideSolutionNode = FALSE
	EndGlobalSection
	GlobalSection(ExtensibilityGlobals) = postSolution
		SolutionGuid = {3190B416-3A9B-444D-8BA4-F9E1080E0FBD}
	EndGlobalSection
EndGlobal
